
Microsoft Visual Studio Solution File, Format Version 12.00
# Visual Studio Version 17
VisualStudioVersion = 17.7.34031.279
MinimumVisualStudioVersion = 10.0.40219.1
Project("{FAE04EC0-301F-11D3-BF4B-00C04F79EFBC}") = "Datan_ImageProcessing", "Datan_ImageProcessing\Datan_ImageProcessing.csproj", "{97F95E03-F977-45EF-AAFF-1EE7D019D641}"
EndProject
Global
	GlobalSection(SolutionConfigurationPlatforms) = preSolution
		Debug|Any CPU = Debug|Any CPU
		Release|Any CPU = Release|Any CPU
	EndGlobalSection
	GlobalSection(ProjectConfigurationPlatforms) = postSolution
		{97F95E03-F977-45EF-AAFF-1EE7D019D641}.Debug|Any CPU.ActiveCfg = Debug|Any CPU
		{97F95E03-F977-45EF-AAFF-1EE7D019D641}.Debug|Any CPU.Build.0 = Debug|Any CPU
		{97F95E03-F977-45EF-AAFF-1EE7D019D641}.Release|Any CPU.ActiveCfg = Release|Any CPU
		{97F95E03-F977-45EF-AAFF-1EE7D019D641}.Release|Any CPU.Build.0 = Release|Any CPU
	EndGlobalSection
	GlobalSection(SolutionProperties) = preSolution
		HideSolutionNode = FALSE
	EndGlobalSection
	GlobalSection(ExtensibilityGlobals) = postSolution
		SolutionGuid = {77967699-3B7F-408C-A1C1-846335826758}
	EndGlobalSection
EndGlobal
